{
  "name": "weys-marketplace-frontend",
  "lockfileVersion": 3,
  "requires": true,
  "packages": {
    "": {
      "name": "weys-marketplace-frontend",
      "dependencies": {
        "axios": "^1.12.2"
      }
    },
    "node_modules/axios": {
      "version": "1.12.2",
      "resolved": "https://registry.npmjs.org/axios/-/axios-1.12.2.tgz",
      "integrity": "sha512-vMJzPewAlRyOgxV2dU0Cuz2O8zzzx9VYtbJOaBgXFeLc4IV/Eg50n4LowmehOOR61S8ZMpc2K5Sa7g6A4jfkUw=="
    }
  }
}
