        "@bonfida/spl-name-service": "^3.0.12",
    "node_modules/@bonfida/sns-records": {
      "version": "0.0.1",
      "resolved": "https://registry.npmjs.org/@bonfida/sns-records/-/sns-records-0.0.1.tgz",
      "integrity": "sha512-i28w9+BMFufhhpmLQCNx1CKKXTsEn+5RT18VFpPqdGO3sqaYlnUWC1m3wDpOvlzGk498dljgRpRo5wmcsnuEMg==",
      "license": "MIT",
      "dependencies": {
        "borsh": "1.0.0",
        "bs58": "5.0.0",
        "buffer": "^6.0.3"
      },
      "peerDependencies": {
        "@solana/web3.js": "^1.87.3"
      }
    },
    "node_modules/@bonfida/sns-records/node_modules/borsh": {
      "version": "1.0.0",
      "resolved": "https://registry.npmjs.org/borsh/-/borsh-1.0.0.tgz",
      "integrity": "sha512-fSVWzzemnyfF89EPwlUNsrS5swF5CrtiN4e+h0/lLf4dz2he4L3ndM20PS9wj7ICSkXJe/TQUHdaPTq15b1mNQ==",
      "license": "Apache-2.0"
    },
    "node_modules/@bonfida/spl-name-service": {
      "version": "3.0.12",
      "resolved": "https://registry.npmjs.org/@bonfida/spl-name-service/-/spl-name-service-3.0.12.tgz",
      "integrity": "sha512-/ZHuvDl6kMX3DKCW772ZFsvglCjhAhJj1ikocReuzaZBMtphgaTzjlaFsgjCx4kuX3RSpWJZOkDymGentidpdA==",
      "license": "MIT",
      "dependencies": {
        "@bonfida/sns-records": "0.0.1",
        "@noble/curves": "^1.9.1",
        "@scure/base": "^1.2.5",
        "@solana/spl-token": "0.4.6",
        "borsh": "2.0.0",
        "buffer": "^6.0.3",
        "graphemesplit": "^2.6.0",
        "ipaddr.js": "^2.2.0",
        "punycode": "^2.3.1"
      },
      "peerDependencies": {
        "@solana/web3.js": "^1.98.2"
      }
    },
    "node_modules/@bonfida/spl-name-service/node_modules/@solana/spl-token": {
      "version": "0.4.6",
      "resolved": "https://registry.npmjs.org/@solana/spl-token/-/spl-token-0.4.6.tgz",
      "integrity": "sha512-1nCnUqfHVtdguFciVWaY/RKcQz1IF4b31jnKgAmjU9QVN1q7dRUkTEWJZgTYIEtsULjVnC9jRqlhgGN39WbKKA==",
      "license": "Apache-2.0",
      "dependencies": {
        "@solana/buffer-layout": "^4.0.0",
        "@solana/buffer-layout-utils": "^0.2.0",
        "@solana/spl-token-group": "^0.0.4",
        "@solana/spl-token-metadata": "^0.1.4",
        "buffer": "^6.0.3"
      },
      "engines": {
        "node": ">=16"
      },
      "peerDependencies": {
        "@solana/web3.js": "^1.91.6"
      }
    },
    "node_modules/@bonfida/spl-name-service/node_modules/borsh": {
      "version": "2.0.0",
      "resolved": "https://registry.npmjs.org/borsh/-/borsh-2.0.0.tgz",
      "integrity": "sha512-kc9+BgR3zz9+cjbwM8ODoUB4fs3X3I5A/HtX7LZKxCLaMrEeDFoBpnhZY//DTS1VZBSs6S5v46RZRbZjRFspEg==",
      "license": "Apache-2.0"
    },
    "node_modules/@bonfida/spl-name-service/node_modules/ipaddr.js": {
      "version": "2.2.0",
      "resolved": "https://registry.npmjs.org/ipaddr.js/-/ipaddr.js-2.2.0.tgz",
      "integrity": "sha512-Ag3wB2o37wslZS19hZqorUnrnzSkpOVy+IiiDEiTqNubEYpYuHWIf6K4psgN2ZWKExS4xhVCrRVfb/wfW8fWJA==",
      "license": "MIT",
      "engines": {
        "node": ">= 10"
      }
    },
    "node_modules/@solana/codecs": {
      "version": "2.0.0-preview.2",
      "resolved": "https://registry.npmjs.org/@solana/codecs/-/codecs-2.0.0-preview.2.tgz",
      "integrity": "sha512-4HHzCD5+pOSmSB71X6w9ptweV48Zj1Vqhe732+pcAQ2cMNnN0gMPMdDq7j3YwaZDZ7yrILVV/3+HTnfT77t2yA==",
      "license": "MIT",
      "dependencies": {
        "@solana/codecs-core": "2.0.0-preview.2",
        "@solana/codecs-data-structures": "2.0.0-preview.2",
        "@solana/codecs-numbers": "2.0.0-preview.2",
        "@solana/codecs-strings": "2.0.0-preview.2",
        "@solana/options": "2.0.0-preview.2"
      }
    },
    "node_modules/@solana/codecs-core": {
      "version": "2.0.0-preview.2",
      "resolved": "https://registry.npmjs.org/@solana/codecs-core/-/codecs-core-2.0.0-preview.2.tgz",
      "integrity": "sha512-gLhCJXieSCrAU7acUJjbXl+IbGnqovvxQLlimztPoGgfLQ1wFYu+XJswrEVQqknZYK1pgxpxH3rZ+OKFs0ndQg==",
      "license": "MIT",
      "dependencies": {
        "@solana/errors": "2.0.0-preview.2"
      }
    },
    "node_modules/@solana/codecs-data-structures": {
      "version": "2.0.0-preview.2",
      "resolved": "https://registry.npmjs.org/@solana/codecs-data-structures/-/codecs-data-structures-2.0.0-preview.2.tgz",
      "integrity": "sha512-Xf5vIfromOZo94Q8HbR04TbgTwzigqrKII0GjYr21K7rb3nba4hUW2ir8kguY7HWFBcjHGlU5x3MevKBOLp3Zg==",
      "license": "MIT",
      "dependencies": {
        "@solana/codecs-core": "2.0.0-preview.2",
        "@solana/codecs-numbers": "2.0.0-preview.2",
        "@solana/errors": "2.0.0-preview.2"
      }
    },
    "node_modules/@solana/codecs-numbers": {
      "version": "2.0.0-preview.2",
      "resolved": "https://registry.npmjs.org/@solana/codecs-numbers/-/codecs-numbers-2.0.0-preview.2.tgz",
      "integrity": "sha512-aLZnDTf43z4qOnpTcDsUVy1Ci9im1Md8thWipSWbE+WM9ojZAx528oAql+Cv8M8N+6ALKwgVRhPZkto6E59ARw==",
      "license": "MIT",
      "dependencies": {
        "@solana/codecs-core": "2.0.0-preview.2",
        "@solana/errors": "2.0.0-preview.2"
      }
    },
    "node_modules/@solana/codecs-strings": {
      "version": "2.0.0-preview.2",
      "resolved": "https://registry.npmjs.org/@solana/codecs-strings/-/codecs-strings-2.0.0-preview.2.tgz",
      "integrity": "sha512-EgBwY+lIaHHgMJIqVOGHfIfpdmmUDNoNO/GAUGeFPf+q0dF+DtwhJPEMShhzh64X2MeCZcmSO6Kinx0Bvmmz2g==",
      "license": "MIT",
      "dependencies": {
        "@solana/codecs-core": "2.0.0-preview.2",
        "@solana/codecs-numbers": "2.0.0-preview.2",
        "@solana/errors": "2.0.0-preview.2"
      },
      "peerDependencies": {
        "fastestsmallesttextencoderdecoder": "^1.0.22"
      }
    },
    "node_modules/@solana/errors": {
      "version": "2.0.0-preview.2",
      "resolved": "https://registry.npmjs.org/@solana/errors/-/errors-2.0.0-preview.2.tgz",
      "integrity": "sha512-H2DZ1l3iYF5Rp5pPbJpmmtCauWeQXRJapkDg8epQ8BJ7cA2Ut/QEtC3CMmw/iMTcuS6uemFNLcWvlOfoQhvQuA==",
      "license": "MIT",
      "dependencies": {
        "chalk": "^5.3.0",
        "commander": "^12.0.0"
      },
      "bin": {
        "errors": "bin/cli.js"
      }
    },
    "node_modules/@solana/errors/node_modules/chalk": {
      "version": "5.4.1",
      "resolved": "https://registry.npmjs.org/chalk/-/chalk-5.4.1.tgz",
      "integrity": "sha512-zgVZuo2WcZgfUEmsn6eO3kINexW8RAE4maiQ8QNs8CtpPCSyMiYsULR3HQYkm3w8FIA3SberyMJMSldGsW+U3w==",
      "license": "MIT",
      "engines": {
        "node": "^12.17.0 || ^14.13 || >=16.0.0"
      },
      "funding": {
        "url": "https://github.com/chalk/chalk?sponsor=1"
      }
    },
    "node_modules/@solana/errors/node_modules/commander": {
      "version": "12.1.0",
      "resolved": "https://registry.npmjs.org/commander/-/commander-12.1.0.tgz",
      "integrity": "sha512-Vw8qHK3bZM9y/P10u3Vib8o/DdkvA2OtPtZvD871QKjy74Wj1WSKFILMPRPSdUSx5RFK1arlJzEtA4PkFgnbuA==",
      "license": "MIT",
      "engines": {
        "node": ">=18"
      }
    },
    "node_modules/@solana/options": {
      "version": "2.0.0-preview.2",
      "resolved": "https://registry.npmjs.org/@solana/options/-/options-2.0.0-preview.2.tgz",
      "integrity": "sha512-FAHqEeH0cVsUOTzjl5OfUBw2cyT8d5Oekx4xcn5hn+NyPAfQJgM3CEThzgRD6Q/4mM5pVUnND3oK/Mt1RzSE/w==",
      "license": "MIT",
      "dependencies": {
        "@solana/codecs-core": "2.0.0-preview.2",
        "@solana/codecs-numbers": "2.0.0-preview.2"
      }
    },
    "node_modules/@solana/spl-token-group": {
      "version": "0.0.4",
      "resolved": "https://registry.npmjs.org/@solana/spl-token-group/-/spl-token-group-0.0.4.tgz",
      "integrity": "sha512-7+80nrEMdUKlK37V6kOe024+T7J4nNss0F8LQ9OOPYdWCCfJmsGUzVx2W3oeizZR4IHM6N4yC9v1Xqwc3BTPWw==",
      "license": "Apache-2.0",
      "dependencies": {
        "@solana/codecs": "2.0.0-preview.2",
        "@solana/spl-type-length-value": "0.1.0"
      },
      "engines": {
        "node": ">=16"
      },
      "peerDependencies": {
        "@solana/web3.js": "^1.91.6"
      }
    },
    "node_modules/@solana/spl-type-length-value": {
      "version": "0.1.0",
      "resolved": "https://registry.npmjs.org/@solana/spl-type-length-value/-/spl-type-length-value-0.1.0.tgz",
      "integrity": "sha512-JBMGB0oR4lPttOZ5XiUGyvylwLQjt1CPJa6qQ5oM+MBCndfjz2TKKkw0eATlLLcYmq1jBVsNlJ2cD6ns2GR7lA==",
      "license": "Apache-2.0",
      "dependencies": {
        "buffer": "^6.0.3"
      },
      "engines": {
        "node": ">=16"
      }
    },
    "node_modules/graphemesplit": {
      "version": "2.6.0",
      "resolved": "https://registry.npmjs.org/graphemesplit/-/graphemesplit-2.6.0.tgz",
      "integrity": "sha512-rG9w2wAfkpg0DILa1pjnjNfucng3usON360shisqIMUBw/87pojcBSrHmeE4UwryAuBih7g8m1oilf5/u8EWdQ==",
      "license": "MIT",
      "dependencies": {
        "js-base64": "^3.6.0",
        "unicode-trie": "^2.0.0"
      }
    },
    "node_modules/tiny-inflate": {
      "version": "1.0.3",
      "resolved": "https://registry.npmjs.org/tiny-inflate/-/tiny-inflate-1.0.3.tgz",
      "integrity": "sha512-pkY1fj1cKHb2seWDy0B16HeWyczlJA9/WW3u3c4z/NiWDsO3DOU5D7nhTLE9CF0yXv/QZFY7sEJmj24dK+Rrqw==",
      "license": "MIT"
    },
    "node_modules/unicode-trie": {
      "version": "2.0.0",
      "resolved": "https://registry.npmjs.org/unicode-trie/-/unicode-trie-2.0.0.tgz",
      "integrity": "sha512-x7bc76x0bm4prf1VLg79uhAzKw8DVboClSN5VxJuQ+LKDOVEW9CdH+VY7SP+vX7xCYQqzzgQpFqz15zeLvAtZQ==",
      "license": "MIT",
      "dependencies": {
        "pako": "^0.2.5",
        "tiny-inflate": "^1.0.0"
      }
    },
    "node_modules/unicode-trie/node_modules/pako": {
      "version": "0.2.9",
      "resolved": "https://registry.npmjs.org/pako/-/pako-0.2.9.tgz",
      "integrity": "sha512-NUcwaKxUxWrZLpDG+z/xZaCgQITkA/Dv4V/T6bw7VON6l1Xz/VnrBqrYjZQ12TamKHzITTfOEIYUj48y2KXImA==",
      "license": "MIT"
    },
