        "@bonfida/spl-name-service": "^3.0.12",
        "@testing-library/dom": "^10.4.0",
        "@testing-library/jest-dom": "^6.6.3",
        "@testing-library/react": "^16.3.0",
        "@testing-library/react-hooks": "^8.0.1",
        "@testing-library/user-event": "^14.6.1",
    "node_modules/@adobe/css-tools": {
      "version": "4.4.3",
      "resolved": "https://registry.npmjs.org/@adobe/css-tools/-/css-tools-4.4.3.tgz",
      "integrity": "sha512-VQKMkwriZbaOgVCby1UDY/LDk5fIjhQicCvVPFqfe+69fWaPWydbWJ3wRt59/YzIwda1I81loas3oCoHxnqvdA==",
      "dev": true,
      "license": "MIT"
    },
    "node_modules/@bonfida/sns-records": {
      "version": "0.0.1",
      "resolved": "https://registry.npmjs.org/@bonfida/sns-records/-/sns-records-0.0.1.tgz",
      "integrity": "sha512-i28w9+BMFufhhpmLQCNx1CKKXTsEn+5RT18VFpPqdGO3sqaYlnUWC1m3wDpOvlzGk498dljgRpRo5wmcsnuEMg==",
      "license": "MIT",
      "dependencies": {
        "borsh": "1.0.0",
        "bs58": "5.0.0",
        "buffer": "^6.0.3"
      },
      "peerDependencies": {
        "@solana/web3.js": "^1.87.3"
      }
    },
    "node_modules/@bonfida/sns-records/node_modules/borsh": {
      "version": "1.0.0",
      "resolved": "https://registry.npmjs.org/borsh/-/borsh-1.0.0.tgz",
      "integrity": "sha512-fSVWzzemnyfF89EPwlUNsrS5swF5CrtiN4e+h0/lLf4dz2he4L3ndM20PS9wj7ICSkXJe/TQUHdaPTq15b1mNQ==",
      "license": "Apache-2.0"
    },
    "node_modules/@bonfida/spl-name-service": {
      "version": "3.0.12",
      "resolved": "https://registry.npmjs.org/@bonfida/spl-name-service/-/spl-name-service-3.0.12.tgz",
      "integrity": "sha512-/ZHuvDl6kMX3DKCW772ZFsvglCjhAhJj1ikocReuzaZBMtphgaTzjlaFsgjCx4kuX3RSpWJZOkDymGentidpdA==",
      "license": "MIT",
      "dependencies": {
        "@bonfida/sns-records": "0.0.1",
        "@noble/curves": "^1.9.1",
        "@scure/base": "^1.2.5",
        "@solana/spl-token": "0.4.6",
        "borsh": "2.0.0",
        "buffer": "^6.0.3",
        "graphemesplit": "^2.6.0",
        "ipaddr.js": "^2.2.0",
        "punycode": "^2.3.1"
      },
      "peerDependencies": {
        "@solana/web3.js": "^1.98.2"
      }
    },
    "node_modules/@bonfida/spl-name-service/node_modules/@solana/spl-token": {
      "version": "0.4.6",
      "resolved": "https://registry.npmjs.org/@solana/spl-token/-/spl-token-0.4.6.tgz",
      "integrity": "sha512-1nCnUqfHVtdguFciVWaY/RKcQz1IF4b31jnKgAmjU9QVN1q7dRUkTEWJZgTYIEtsULjVnC9jRqlhgGN39WbKKA==",
      "license": "Apache-2.0",
      "dependencies": {
        "@solana/buffer-layout": "^4.0.0",
        "@solana/buffer-layout-utils": "^0.2.0",
        "@solana/spl-token-group": "^0.0.4",
        "@solana/spl-token-metadata": "^0.1.4",
        "buffer": "^6.0.3"
      },
      "engines": {
        "node": ">=16"
      },
      "peerDependencies": {
        "@solana/web3.js": "^1.91.6"
      }
    },
    "node_modules/@bonfida/spl-name-service/node_modules/borsh": {
      "version": "2.0.0",
      "resolved": "https://registry.npmjs.org/borsh/-/borsh-2.0.0.tgz",
      "integrity": "sha512-kc9+BgR3zz9+cjbwM8ODoUB4fs3X3I5A/HtX7LZKxCLaMrEeDFoBpnhZY//DTS1VZBSs6S5v46RZRbZjRFspEg==",
      "license": "Apache-2.0"
    },
    "node_modules/@bonfida/spl-name-service/node_modules/ipaddr.js": {
      "version": "2.2.0",
      "resolved": "https://registry.npmjs.org/ipaddr.js/-/ipaddr.js-2.2.0.tgz",
      "integrity": "sha512-Ag3wB2o37wslZS19hZqorUnrnzSkpOVy+IiiDEiTqNubEYpYuHWIf6K4psgN2ZWKExS4xhVCrRVfb/wfW8fWJA==",
      "license": "MIT",
      "engines": {
        "node": ">= 10"
      }
    },
      "dev": true,
      "dev": true,
    "node_modules/@solana-mobile/wallet-standard-mobile": {
      "version": "0.2.0",
      "resolved": "https://registry.npmjs.org/@solana-mobile/wallet-standard-mobile/-/wallet-standard-mobile-0.2.0.tgz",
      "integrity": "sha512-vAv95mID0682O8wLMzsbnMzfwL8EBtJVUOQiywjnwuTxMlYhSdjp0jJw05Otm/j9N1lbkZ9tbgANGHHL8wRmjw==",
      "license": "Apache-2.0",
        "@solana-mobile/mobile-wallet-adapter-protocol-web3js": "^2.2.0",
        "@solana/wallet-standard-chains": "^1.1.0",
        "@solana/wallet-standard-features": "^1.2.0",
        "@wallet-standard/base": "^1.0.1",
        "@wallet-standard/features": "^1.0.3",
        "bs58": "^5.0.0",
        "js-base64": "^3.7.5",
        "qrcode": "^1.5.4"
        "@solana/web3.js": "^1.58.0"
    "node_modules/@solana/buffer-layout": {
      "version": "4.0.1",
      "resolved": "https://registry.npmjs.org/@solana/buffer-layout/-/buffer-layout-4.0.1.tgz",
      "integrity": "sha512-E1ImOIAD1tBZFRdjeM4/pzTiTApC0AOBGwyAMS4fwIodCWArzJ3DWdoh8cKxeFM2fElkxBh2Aqts1BPC373rHA==",
        "buffer": "~6.0.3"
        "node": ">=5.10"
    "node_modules/@solana/buffer-layout-utils": {
      "version": "0.2.0",
      "resolved": "https://registry.npmjs.org/@solana/buffer-layout-utils/-/buffer-layout-utils-0.2.0.tgz",
      "integrity": "sha512-szG4sxgJGktbuZYDg2FfNmkMi0DYQoVjN2h7ta1W1hPrwzarcFLBq9UpX1UjNXsNpT9dn+chgprtWGioUAr4/g==",
      "license": "Apache-2.0",
        "@solana/buffer-layout": "^4.0.0",
        "@solana/web3.js": "^1.32.0",
        "bigint-buffer": "^1.1.5",
        "bignumber.js": "^9.0.1"
        "node": ">= 10"
    "node_modules/@solana/codecs": {
      "version": "2.0.0-preview.2",
      "resolved": "https://registry.npmjs.org/@solana/codecs/-/codecs-2.0.0-preview.2.tgz",
      "integrity": "sha512-4HHzCD5+pOSmSB71X6w9ptweV48Zj1Vqhe732+pcAQ2cMNnN0gMPMdDq7j3YwaZDZ7yrILVV/3+HTnfT77t2yA==",
        "@solana/codecs-core": "2.0.0-preview.2",
        "@solana/codecs-data-structures": "2.0.0-preview.2",
        "@solana/codecs-numbers": "2.0.0-preview.2",
        "@solana/codecs-strings": "2.0.0-preview.2",
        "@solana/options": "2.0.0-preview.2"
    "node_modules/@solana/codecs-core": {
      "version": "2.0.0-preview.2",
      "resolved": "https://registry.npmjs.org/@solana/codecs-core/-/codecs-core-2.0.0-preview.2.tgz",
      "integrity": "sha512-gLhCJXieSCrAU7acUJjbXl+IbGnqovvxQLlimztPoGgfLQ1wFYu+XJswrEVQqknZYK1pgxpxH3rZ+OKFs0ndQg==",
        "@solana/errors": "2.0.0-preview.2"
    "node_modules/@solana/codecs-data-structures": {
      "version": "2.0.0-preview.2",
      "resolved": "https://registry.npmjs.org/@solana/codecs-data-structures/-/codecs-data-structures-2.0.0-preview.2.tgz",
      "integrity": "sha512-Xf5vIfromOZo94Q8HbR04TbgTwzigqrKII0GjYr21K7rb3nba4hUW2ir8kguY7HWFBcjHGlU5x3MevKBOLp3Zg==",
        "@solana/codecs-core": "2.0.0-preview.2",
        "@solana/codecs-numbers": "2.0.0-preview.2",
        "@solana/errors": "2.0.0-preview.2"
    "node_modules/@solana/codecs-numbers": {
      "version": "2.0.0-preview.2",
      "resolved": "https://registry.npmjs.org/@solana/codecs-numbers/-/codecs-numbers-2.0.0-preview.2.tgz",
      "integrity": "sha512-aLZnDTf43z4qOnpTcDsUVy1Ci9im1Md8thWipSWbE+WM9ojZAx528oAql+Cv8M8N+6ALKwgVRhPZkto6E59ARw==",
        "@solana/codecs-core": "2.0.0-preview.2",
        "@solana/errors": "2.0.0-preview.2"
    "node_modules/@solana/codecs-strings": {
      "version": "2.0.0-preview.2",
      "resolved": "https://registry.npmjs.org/@solana/codecs-strings/-/codecs-strings-2.0.0-preview.2.tgz",
      "integrity": "sha512-EgBwY+lIaHHgMJIqVOGHfIfpdmmUDNoNO/GAUGeFPf+q0dF+DtwhJPEMShhzh64X2MeCZcmSO6Kinx0Bvmmz2g==",
        "@solana/codecs-core": "2.0.0-preview.2",
        "@solana/codecs-numbers": "2.0.0-preview.2",
        "@solana/errors": "2.0.0-preview.2"
      "peerDependencies": {
        "fastestsmallesttextencoderdecoder": "^1.0.22"
    "node_modules/@solana/errors": {
      "version": "2.0.0-preview.2",
      "resolved": "https://registry.npmjs.org/@solana/errors/-/errors-2.0.0-preview.2.tgz",
      "integrity": "sha512-H2DZ1l3iYF5Rp5pPbJpmmtCauWeQXRJapkDg8epQ8BJ7cA2Ut/QEtC3CMmw/iMTcuS6uemFNLcWvlOfoQhvQuA==",
        "chalk": "^5.3.0",
        "commander": "^12.0.0"
        "errors": "bin/cli.js"
    "node_modules/@solana/errors/node_modules/chalk": {
      "version": "5.4.1",
      "resolved": "https://registry.npmjs.org/chalk/-/chalk-5.4.1.tgz",
      "integrity": "sha512-zgVZuo2WcZgfUEmsn6eO3kINexW8RAE4maiQ8QNs8CtpPCSyMiYsULR3HQYkm3w8FIA3SberyMJMSldGsW+U3w==",
        "node": "^12.17.0 || ^14.13 || >=16.0.0"
        "url": "https://github.com/chalk/chalk?sponsor=1"
    "node_modules/@solana/errors/node_modules/commander": {
      "version": "12.1.0",
      "resolved": "https://registry.npmjs.org/commander/-/commander-12.1.0.tgz",
      "integrity": "sha512-Vw8qHK3bZM9y/P10u3Vib8o/DdkvA2OtPtZvD871QKjy74Wj1WSKFILMPRPSdUSx5RFK1arlJzEtA4PkFgnbuA==",
        "node": ">=18"
    "node_modules/@solana/options": {
      "version": "2.0.0-preview.2",
      "resolved": "https://registry.npmjs.org/@solana/options/-/options-2.0.0-preview.2.tgz",
      "integrity": "sha512-FAHqEeH0cVsUOTzjl5OfUBw2cyT8d5Oekx4xcn5hn+NyPAfQJgM3CEThzgRD6Q/4mM5pVUnND3oK/Mt1RzSE/w==",
      "license": "MIT",
        "@solana/codecs-core": "2.0.0-preview.2",
        "@solana/codecs-numbers": "2.0.0-preview.2"
    "node_modules/@solana/spl-token-group": {
      "version": "0.0.4",
      "resolved": "https://registry.npmjs.org/@solana/spl-token-group/-/spl-token-group-0.0.4.tgz",
      "integrity": "sha512-7+80nrEMdUKlK37V6kOe024+T7J4nNss0F8LQ9OOPYdWCCfJmsGUzVx2W3oeizZR4IHM6N4yC9v1Xqwc3BTPWw==",
      "license": "Apache-2.0",
      "dependencies": {
        "@solana/codecs": "2.0.0-preview.2",
        "@solana/spl-type-length-value": "0.1.0"
      },
      "engines": {
        "node": ">=16"
      },
      "peerDependencies": {
        "@solana/web3.js": "^1.91.6"
      }
    },
    "node_modules/@solana/spl-type-length-value": {
      "version": "0.1.0",
      "resolved": "https://registry.npmjs.org/@solana/spl-type-length-value/-/spl-type-length-value-0.1.0.tgz",
      "integrity": "sha512-JBMGB0oR4lPttOZ5XiUGyvylwLQjt1CPJa6qQ5oM+MBCndfjz2TKKkw0eATlLLcYmq1jBVsNlJ2cD6ns2GR7lA==",
      "dependencies": {
        "buffer": "^6.0.3"
        "node": ">=16"
    "node_modules/@testing-library/dom": {
      "version": "10.4.0",
      "resolved": "https://registry.npmjs.org/@testing-library/dom/-/dom-10.4.0.tgz",
      "integrity": "sha512-pemlzrSESWbdAloYml3bAJMEfNh1Z7EduzqPKprCH5S341frlpYnUEW0H72dLxa6IsYr+mPno20GiSm+h9dEdQ==",
      "dev": true,
      "license": "MIT",
      "dependencies": {
        "@babel/code-frame": "^7.10.4",
        "@babel/runtime": "^7.12.5",
        "@types/aria-query": "^5.0.1",
        "aria-query": "5.3.0",
        "chalk": "^4.1.0",
        "dom-accessibility-api": "^0.5.9",
        "lz-string": "^1.5.0",
        "pretty-format": "^27.0.2"
      },
      "engines": {
        "node": ">=18"
      }
    },
    "node_modules/@testing-library/dom/node_modules/aria-query": {
      "version": "5.3.0",
      "resolved": "https://registry.npmjs.org/aria-query/-/aria-query-5.3.0.tgz",
      "integrity": "sha512-b0P0sZPKtyu8HkeRAfCq0IfURZK+SuwMjY1UXGBU27wpAiTwQAIlq56IbIO+ytk/JjS1fMR14ee5WBBfKi5J6A==",
      "dev": true,
      "license": "Apache-2.0",
      "dependencies": {
        "dequal": "^2.0.3"
      }
    },
    "node_modules/@testing-library/dom/node_modules/dom-accessibility-api": {
      "version": "0.5.16",
      "resolved": "https://registry.npmjs.org/dom-accessibility-api/-/dom-accessibility-api-0.5.16.tgz",
      "integrity": "sha512-X7BJ2yElsnOJ30pZF4uIIDfBEVgF4XEBxL9Bxhy6dnrm5hkzqmsWHGTiHqRiITNhMyFLyAiWndIJP7Z1NTteDg==",
      "dev": true,
      "license": "MIT"
    },
    "node_modules/@testing-library/jest-dom": {
      "version": "6.6.3",
      "resolved": "https://registry.npmjs.org/@testing-library/jest-dom/-/jest-dom-6.6.3.tgz",
      "integrity": "sha512-IteBhl4XqYNkM54f4ejhLRJiZNqcSCoXUOG2CPK7qbD322KjQozM4kHQOfkG2oln9b9HTYqs+Sae8vBATubxxA==",
      "dev": true,
      "license": "MIT",
      "dependencies": {
        "@adobe/css-tools": "^4.4.0",
        "aria-query": "^5.0.0",
        "chalk": "^3.0.0",
        "css.escape": "^1.5.1",
        "dom-accessibility-api": "^0.6.3",
        "lodash": "^4.17.21",
        "redent": "^3.0.0"
      },
      "engines": {
        "node": ">=14",
        "npm": ">=6",
        "yarn": ">=1"
      }
    },
    "node_modules/@testing-library/jest-dom/node_modules/chalk": {
      "version": "3.0.0",
      "resolved": "https://registry.npmjs.org/chalk/-/chalk-3.0.0.tgz",
      "integrity": "sha512-4D3B6Wf41KOYRFdszmDqMCGq5VV/uMAB273JILmO+3jAlh8X4qDtdtgCR3fxtbLEMzSx22QdhnDcJvu2u1fVwg==",
      "dev": true,
      "license": "MIT",
      "dependencies": {
        "ansi-styles": "^4.1.0",
        "supports-color": "^7.1.0"
      },
      "engines": {
        "node": ">=8"
      }
    },
    "node_modules/@testing-library/react": {
      "version": "16.3.0",
      "resolved": "https://registry.npmjs.org/@testing-library/react/-/react-16.3.0.tgz",
      "integrity": "sha512-kFSyxiEDwv1WLl2fgsq6pPBbw5aWKrsY2/noi1Id0TK0UParSF62oFQFGHXIyaG4pp2tEub/Zlel+fjjZILDsw==",
      "dev": true,
      "license": "MIT",
      "dependencies": {
        "@babel/runtime": "^7.12.5"
      },
      "engines": {
        "node": ">=18"
      },
      "peerDependencies": {
        "@testing-library/dom": "^10.0.0",
        "@types/react": "^18.0.0 || ^19.0.0",
        "@types/react-dom": "^18.0.0 || ^19.0.0",
        "react": "^18.0.0 || ^19.0.0",
        "react-dom": "^18.0.0 || ^19.0.0"
      },
      "peerDependenciesMeta": {
        "@types/react": {
          "optional": true
        },
        "@types/react-dom": {
          "optional": true
        }
      }
    },
    "node_modules/@testing-library/react-hooks": {
      "version": "8.0.1",
      "resolved": "https://registry.npmjs.org/@testing-library/react-hooks/-/react-hooks-8.0.1.tgz",
      "integrity": "sha512-Aqhl2IVmLt8IovEVarNDFuJDVWVvhnr9/GCU6UUnrYXwgDFF9h2L2o2P9KBni1AST5sT6riAyoukFLyjQUgD/g==",
      "dev": true,
      "license": "MIT",
      "dependencies": {
        "@babel/runtime": "^7.12.5",
        "react-error-boundary": "^3.1.0"
      },
      "engines": {
        "node": ">=12"
      },
      "peerDependencies": {
        "@types/react": "^16.9.0 || ^17.0.0",
        "react": "^16.9.0 || ^17.0.0",
        "react-dom": "^16.9.0 || ^17.0.0",
        "react-test-renderer": "^16.9.0 || ^17.0.0"
      },
      "peerDependenciesMeta": {
        "@types/react": {
          "optional": true
        },
        "react-dom": {
          "optional": true
        },
        "react-test-renderer": {
          "optional": true
        }
      }
    },
    "node_modules/@testing-library/user-event": {
      "version": "14.6.1",
      "resolved": "https://registry.npmjs.org/@testing-library/user-event/-/user-event-14.6.1.tgz",
      "integrity": "sha512-vq7fv0rnt+QTXgPxr5Hjc210p6YKq2kmdziLgnsZGgLJ9e6VAShx1pACLuRjd/AS/sr7phAR58OIIpf0LlmQNw==",
      "dev": true,
      "license": "MIT",
      "engines": {
        "node": ">=12",
        "npm": ">=6"
      },
      "peerDependencies": {
        "@testing-library/dom": ">=7.21.4"
      }
    },
      "dev": true,
      "dev": true,
      "dev": true,
      "dev": true,
      "license": "MIT"
    },
    "node_modules/@types/aria-query": {
      "version": "5.0.4",
      "resolved": "https://registry.npmjs.org/@types/aria-query/-/aria-query-5.0.4.tgz",
      "integrity": "sha512-rfT93uj5s0PRL7EzccGMs3brplhcrghnDoV26NqKhCAS1hVo+WdNsPvE/yb6ilfr5hi2MEk6d5EWJTKdxg8jVw==",
      "dev": true,
      "dev": true,
      "dev": true,
      "dev": true,
    "node_modules/css.escape": {
      "version": "1.5.1",
      "resolved": "https://registry.npmjs.org/css.escape/-/css.escape-1.5.1.tgz",
      "integrity": "sha512-YUifsXXuknHlUsmlgyY0PKzgPOr7/FjCePfHNt0jxm83wHZi44VDMQ7/fGNkjY3/jV1MC+1CmZbaHzugyeRtpg==",
      "dev": true,
      "license": "MIT"
    },
    "node_modules/dequal": {
      "version": "2.0.3",
      "resolved": "https://registry.npmjs.org/dequal/-/dequal-2.0.3.tgz",
      "integrity": "sha512-0je+qPKHEMohvfRTCEo3CrPG6cAzAYgmzKyxRiYSSDkS6eGJdyVJm7WaYA5ECaAD9wLB2T4EEeymA5aFVcYXCA==",
      "dev": true,
      "license": "MIT",
      "engines": {
        "node": ">=6"
      }
    },
      "dev": true,
    "node_modules/dom-accessibility-api": {
      "version": "0.6.3",
      "resolved": "https://registry.npmjs.org/dom-accessibility-api/-/dom-accessibility-api-0.6.3.tgz",
      "integrity": "sha512-7ZgogeTnjuHbo+ct10G9Ffp0mif17idi0IyWNVA/wcwcm7NPOD/WEHVP3n7n3MhXqxoIYm8d6MuZohYWIZ4T3w==",
      "dev": true,
      "license": "MIT"
    },
      "license": "Apache-2.0",
      "optional": true
    "node_modules/graphemesplit": {
      "version": "2.6.0",
      "resolved": "https://registry.npmjs.org/graphemesplit/-/graphemesplit-2.6.0.tgz",
      "integrity": "sha512-rG9w2wAfkpg0DILa1pjnjNfucng3usON360shisqIMUBw/87pojcBSrHmeE4UwryAuBih7g8m1oilf5/u8EWdQ==",
      "license": "MIT",
      "dependencies": {
        "js-base64": "^3.6.0",
        "unicode-trie": "^2.0.0"
      }
    },
    "node_modules/indent-string": {
      "version": "4.0.0",
      "resolved": "https://registry.npmjs.org/indent-string/-/indent-string-4.0.0.tgz",
      "integrity": "sha512-EdDDZu4A2OyIK7Lr/2zG+w5jmbuk1DVBnEwREQvBzspBJkCEbRa8GxU1lghYcaGJCnRWibjDXlq779X1/y5xwg==",
      "dev": true,
      "license": "MIT",
      "engines": {
        "node": ">=8"
      }
    },
    "node_modules/lz-string": {
      "version": "1.5.0",
      "resolved": "https://registry.npmjs.org/lz-string/-/lz-string-1.5.0.tgz",
      "integrity": "sha512-h5bgJWpxJNswbU7qCrV0tIKQCaS3blPDrqKWx+QxzuzL1zGUzij9XCWLrSLsJPu5t+eWA/ycetzYAO5IOMcWAQ==",
      "dev": true,
      "license": "MIT",
      "bin": {
        "lz-string": "bin/bin.js"
      }
    },
      "dev": true,
    "node_modules/min-indent": {
      "version": "1.0.1",
      "resolved": "https://registry.npmjs.org/min-indent/-/min-indent-1.0.1.tgz",
      "integrity": "sha512-I9jwMn07Sy/IwOj3zVkVik2JTvgpaykDZEigL6Rx6N9LbMywwUSMtxET+7lVoDLLd3O3IXwJwvuuns8UB/HeAg==",
      "dev": true,
      "license": "MIT",
      "engines": {
        "node": ">=4"
      }
    },
    "node_modules/react-error-boundary": {
      "version": "3.1.4",
      "resolved": "https://registry.npmjs.org/react-error-boundary/-/react-error-boundary-3.1.4.tgz",
      "integrity": "sha512-uM9uPzZJTF6wRQORmSrvOIgt4lJ9MC1sNgEOj2XGsDTRE4kmpWxg7ENK9EWNKJRMAOY9z0MuF4yIfl6gp4sotA==",
      "dev": true,
      "license": "MIT",
      "dependencies": {
        "@babel/runtime": "^7.12.5"
      },
      "engines": {
        "node": ">=10",
        "npm": ">=6"
      },
      "peerDependencies": {
        "react": ">=16.13.1"
      }
    },
    "node_modules/redent": {
      "version": "3.0.0",
      "resolved": "https://registry.npmjs.org/redent/-/redent-3.0.0.tgz",
      "integrity": "sha512-6tDA8g98We0zd0GvVeMT9arEOnTw9qM03L9cJXaCjrip1OO764RDBLBfrB4cwzNGDj5OA5ioymC9GkizgWJDUg==",
      "dev": true,
      "license": "MIT",
      "dependencies": {
        "indent-string": "^4.0.0",
        "strip-indent": "^3.0.0"
      },
      "engines": {
        "node": ">=8"
      }
    },
    "node_modules/strip-indent": {
      "version": "3.0.0",
      "resolved": "https://registry.npmjs.org/strip-indent/-/strip-indent-3.0.0.tgz",
      "integrity": "sha512-laJTa3Jb+VQpaC6DseHhF7dXVqHTfJPCRDaEbid/drOhgitgYku/letMUqOXFoWV0zIIUbjpdH2t+tYj4bQMRQ==",
      "dev": true,
      "license": "MIT",
      "dependencies": {
        "min-indent": "^1.0.0"
      },
      "engines": {
        "node": ">=8"
      }
    },
    "node_modules/tiny-inflate": {
      "version": "1.0.3",
      "resolved": "https://registry.npmjs.org/tiny-inflate/-/tiny-inflate-1.0.3.tgz",
      "integrity": "sha512-pkY1fj1cKHb2seWDy0B16HeWyczlJA9/WW3u3c4z/NiWDsO3DOU5D7nhTLE9CF0yXv/QZFY7sEJmj24dK+Rrqw==",
      "license": "MIT"
    },
      "dev": true,
      "dev": true,
      "dev": true,
      "dev": true,
    "node_modules/unicode-trie": {
      "version": "2.0.0",
      "resolved": "https://registry.npmjs.org/unicode-trie/-/unicode-trie-2.0.0.tgz",
      "integrity": "sha512-x7bc76x0bm4prf1VLg79uhAzKw8DVboClSN5VxJuQ+LKDOVEW9CdH+VY7SP+vX7xCYQqzzgQpFqz15zeLvAtZQ==",
      "license": "MIT",
      "dependencies": {
        "pako": "^0.2.5",
        "tiny-inflate": "^1.0.0"
      }
    },
    "node_modules/unicode-trie/node_modules/pako": {
      "version": "0.2.9",
      "resolved": "https://registry.npmjs.org/pako/-/pako-0.2.9.tgz",
      "integrity": "sha512-NUcwaKxUxWrZLpDG+z/xZaCgQITkA/Dv4V/T6bw7VON6l1Xz/VnrBqrYjZQ12TamKHzITTfOEIYUj48y2KXImA==",
      "license": "MIT"
    },
      "dev": true,
      "dev": true,
